{
  "name": "TrackRecords",
  "lockfileVersion": 2,
  "requires": true,
  "packages": {
    "": {
      "dependencies": {
        "@fullcalendar/core": "^6.1.9",
        "@fullcalendar/daygrid": "^6.1.9",
        "@fullcalendar/react": "^6.1.9"
      }
    },
    "node_modules/@fullcalendar/core": {
      "version": "6.1.9",
      "resolved": "https://registry.npmjs.org/@fullcalendar/core/-/core-6.1.9.tgz",
      "integrity": "sha512-eeG+z9BWerdsU9Ac6j16rpYpPnE0wxtnEHiHrh/u/ADbGTR3hCOjCD9PxQOfhOTHbWOVs7JQunGcksSPu5WZBQ==",
      "dependencies": {
        "preact": "~10.12.1"
      }
    },
    "node_modules/@fullcalendar/daygrid": {
      "version": "6.1.9",
      "resolved": "https://registry.npmjs.org/@fullcalendar/daygrid/-/daygrid-6.1.9.tgz",
      "integrity": "sha512-o/6joH/7lmVHXAkbaa/tUbzWYnGp/LgfdiFyYPkqQbjKEeivNZWF1WhHqFbhx0zbFONSHtrvkjY2bjr+Ef2quQ==",
      "peerDependencies": {
        "@fullcalendar/core": "~6.1.9"
      }
    },
    "node_modules/@fullcalendar/react": {
      "version": "6.1.9",
      "resolved": "https://registry.npmjs.org/@fullcalendar/react/-/react-6.1.9.tgz",
      "integrity": "sha512-ioxu0V++pYz2u/N1LL1V8DkMyiKGRun0gMAll2tQz3Kzi3r9pTwncGKRb1zO8h0e+TrInU08ywk/l5lBwp7eog==",
      "peerDependencies": {
        "@fullcalendar/core": "~6.1.9",
        "react": "^16.7.0 || ^17 || ^18",
        "react-dom": "^16.7.0 || ^17 || ^18"
      }
    },
    "node_modules/js-tokens": {
      "version": "4.0.0",
      "resolved": "https://registry.npmjs.org/js-tokens/-/js-tokens-4.0.0.tgz",
      "integrity": "sha512-RdJUflcE3cUzKiMqQgsCu06FPu9UdIJO0beYbPhHN4k6apgJtifcoCtT9bcxOpYBtpD2kCM6Sbzg4CausW/PKQ==",
      "peer": true
    },
    "node_modules/loose-envify": {
      "version": "1.4.0",
      "resolved": "https://registry.npmjs.org/loose-envify/-/loose-envify-1.4.0.tgz",
      "integrity": "sha512-lyuxPGr/Wfhrlem2CL/UcnUc1zcqKAImBDzukY7Y5F/yQiNdko6+fRLevlw1HgMySw7f611UIY408EtxRSoK3Q==",
      "peer": true,
      "dependencies": {
        "js-tokens": "^3.0.0 || ^4.0.0"
      },
      "bin": {
        "loose-envify": "cli.js"
      }
    },
    "node_modules/preact": {
      "version": "10.12.1",
      "resolved": "https://registry.npmjs.org/preact/-/preact-10.12.1.tgz",
      "integrity": "sha512-l8386ixSsBdbreOAkqtrwqHwdvR35ID8c3rKPa8lCWuO86dBi32QWHV4vfsZK1utLLFMvw+Z5Ad4XLkZzchscg==",
      "funding": {
        "type": "opencollective",
        "url": "https://opencollective.com/preact"
      }
    },
    "node_modules/react": {
      "version": "18.2.0",
      "resolved": "https://registry.npmjs.org/react/-/react-18.2.0.tgz",
      "integrity": "sha512-/3IjMdb2L9QbBdWiW5e3P2/npwMBaU9mHCSCUzNln0ZCYbcfTsGbTJrU/kGemdH2IWmB2ioZ+zkxtmq6g09fGQ==",
      "peer": true,
      "dependencies": {
        "loose-envify": "^1.1.0"
      },
      "engines": {
        "node": ">=0.10.0"
      }
    },
    "node_modules/react-dom": {
      "version": "18.2.0",
      "resolved": "https://registry.npmjs.org/react-dom/-/react-dom-18.2.0.tgz",
      "integrity": "sha512-6IMTriUmvsjHUjNtEDudZfuDQUoWXVxKHhlEGSk81n4YFS+r/Kl99wXiwlVXtPBtJenozv2P+hxDsw9eA7Xo6g==",
      "peer": true,
      "dependencies": {
        "loose-envify": "^1.1.0",
        "scheduler": "^0.23.0"
      },
      "peerDependencies": {
        "react": "^18.2.0"
      }
    },
    "node_modules/scheduler": {
      "version": "0.23.0",
      "resolved": "https://registry.npmjs.org/scheduler/-/scheduler-0.23.0.tgz",
      "integrity": "sha512-CtuThmgHNg7zIZWAXi3AsyIzA3n4xx7aNyjwC2VJldO2LMVDhFK+63xGqq6CsJH4rTAt6/M+N4GhZiDYPx9eUw==",
      "peer": true,
      "dependencies": {
        "loose-envify": "^1.1.0"
      }
    }
  },
  "dependencies": {
    "@fullcalendar/core": {
      "version": "6.1.9",
      "resolved": "https://registry.npmjs.org/@fullcalendar/core/-/core-6.1.9.tgz",
      "integrity": "sha512-eeG+z9BWerdsU9Ac6j16rpYpPnE0wxtnEHiHrh/u/ADbGTR3hCOjCD9PxQOfhOTHbWOVs7JQunGcksSPu5WZBQ==",
      "requires": {
        "preact": "~10.12.1"
      }
    },
    "@fullcalendar/daygrid": {
      "version": "6.1.9",
      "resolved": "https://registry.npmjs.org/@fullcalendar/daygrid/-/daygrid-6.1.9.tgz",
      "integrity": "sha512-o/6joH/7lmVHXAkbaa/tUbzWYnGp/LgfdiFyYPkqQbjKEeivNZWF1WhHqFbhx0zbFONSHtrvkjY2bjr+Ef2quQ==",
      "requires": {}
    },
    "@fullcalendar/react": {
      "version": "6.1.9",
      "resolved": "https://registry.npmjs.org/@fullcalendar/react/-/react-6.1.9.tgz",
      "integrity": "sha512-ioxu0V++pYz2u/N1LL1V8DkMyiKGRun0gMAll2tQz3Kzi3r9pTwncGKRb1zO8h0e+TrInU08ywk/l5lBwp7eog==",
      "requires": {}
    },
    "js-tokens": {
      "version": "4.0.0",
      "resolved": "https://registry.npmjs.org/js-tokens/-/js-tokens-4.0.0.tgz",
      "integrity": "sha512-RdJUflcE3cUzKiMqQgsCu06FPu9UdIJO0beYbPhHN4k6apgJtifcoCtT9bcxOpYBtpD2kCM6Sbzg4CausW/PKQ==",
      "peer": true
    },
    "loose-envify": {
      "version": "1.4.0",
      "resolved": "https://registry.npmjs.org/loose-envify/-/loose-envify-1.4.0.tgz",
      "integrity": "sha512-lyuxPGr/Wfhrlem2CL/UcnUc1zcqKAImBDzukY7Y5F/yQiNdko6+fRLevlw1HgMySw7f611UIY408EtxRSoK3Q==",
      "peer": true,
      "requires": {
        "js-tokens": "^3.0.0 || ^4.0.0"
      }
    },
    "preact": {
      "version": "10.12.1",
      "resolved": "https://registry.npmjs.org/preact/-/preact-10.12.1.tgz",
      "integrity": "sha512-l8386ixSsBdbreOAkqtrwqHwdvR35ID8c3rKPa8lCWuO86dBi32QWHV4vfsZK1utLLFMvw+Z5Ad4XLkZzchscg=="
    },
    "react": {
      "version": "18.2.0",
      "resolved": "https://registry.npmjs.org/react/-/react-18.2.0.tgz",
      "integrity": "sha512-/3IjMdb2L9QbBdWiW5e3P2/npwMBaU9mHCSCUzNln0ZCYbcfTsGbTJrU/kGemdH2IWmB2ioZ+zkxtmq6g09fGQ==",
      "peer": true,
      "requires": {
        "loose-envify": "^1.1.0"
      }
    },
    "react-dom": {
      "version": "18.2.0",
      "resolved": "https://registry.npmjs.org/react-dom/-/react-dom-18.2.0.tgz",
      "integrity": "sha512-6IMTriUmvsjHUjNtEDudZfuDQUoWXVxKHhlEGSk81n4YFS+r/Kl99wXiwlVXtPBtJenozv2P+hxDsw9eA7Xo6g==",
      "peer": true,
      "requires": {
        "loose-envify": "^1.1.0",
        "scheduler": "^0.23.0"
      }
    },
    "scheduler": {
      "version": "0.23.0",
      "resolved": "https://registry.npmjs.org/scheduler/-/scheduler-0.23.0.tgz",
      "integrity": "sha512-CtuThmgHNg7zIZWAXi3AsyIzA3n4xx7aNyjwC2VJldO2LMVDhFK+63xGqq6CsJH4rTAt6/M+N4GhZiDYPx9eUw==",
      "peer": true,
      "requires": {
        "loose-envify": "^1.1.0"
      }
    }
  }
}
